// !$*UTF8*$!
{
	archiveVersion = 1;
	classes = {
	};
	objectVersion = 56;
	objects = {

/* Begin PBXBuildFile section */
		CE048CC52B03913300FAC038 /* Join.swift in Sources */ = {isa = PBXBuildFile; fileRef = CE048CC42B03913300FAC038 /* Join.swift */; };
		CE290E862B049A3B007DFCAE /* UserInfoResponse.swift in Sources */ = {isa = PBXBuildFile; fileRef = CE290E852B049A3B007DFCAE /* UserInfoResponse.swift */; };
		CE290E892B049ABD007DFCAE /* JoinViewController.swift in Sources */ = {isa = PBXBuildFile; fileRef = CE290E882B049ABD007DFCAE /* JoinViewController.swift */; };
		CE290E8B2B049AC6007DFCAE /* JoinViewModel.swift in Sources */ = {isa = PBXBuildFile; fileRef = CE290E8A2B049AC6007DFCAE /* JoinViewModel.swift */; };
		CE290E8D2B049ACF007DFCAE /* JoinView.swift in Sources */ = {isa = PBXBuildFile; fileRef = CE290E8C2B049ACF007DFCAE /* JoinView.swift */; };
		CE290E902B04A3B1007DFCAE /* DateFormatter+Extension.swift in Sources */ = {isa = PBXBuildFile; fileRef = CE290E8F2B04A3B1007DFCAE /* DateFormatter+Extension.swift */; };
		CE290E932B04B285007DFCAE /* Image.swift in Sources */ = {isa = PBXBuildFile; fileRef = CE290E922B04B285007DFCAE /* Image.swift */; };
		CE290E952B04B29A007DFCAE /* Color.swift in Sources */ = {isa = PBXBuildFile; fileRef = CE290E942B04B29A007DFCAE /* Color.swift */; };
		CE290E972B04B2A2007DFCAE /* Design.swift in Sources */ = {isa = PBXBuildFile; fileRef = CE290E962B04B2A2007DFCAE /* Design.swift */; };
		CE290E992B04B7C6007DFCAE /* ResponseMessage.swift in Sources */ = {isa = PBXBuildFile; fileRef = CE290E982B04B7C6007DFCAE /* ResponseMessage.swift */; };
		CE290E9C2B04BF51007DFCAE /* LoginError.swift in Sources */ = {isa = PBXBuildFile; fileRef = CE290E9B2B04BF51007DFCAE /* LoginError.swift */; };
		CE3A15162B05B13E009B913F /* HomeViewModel.swift in Sources */ = {isa = PBXBuildFile; fileRef = CE3A15152B05B13E009B913F /* HomeViewModel.swift */; };
		CEBDFBF02B0B2CA800D43BF9 /* PostAPI.swift in Sources */ = {isa = PBXBuildFile; fileRef = CEBDFBEF2B0B2CA800D43BF9 /* PostAPI.swift */; };
		CEBDFBF42B0B31B900D43BF9 /* PostAPIManager.swift in Sources */ = {isa = PBXBuildFile; fileRef = CEBDFBF32B0B31B900D43BF9 /* PostAPIManager.swift */; };
		CEBDFBF62B0B31CA00D43BF9 /* PostWrite.swift in Sources */ = {isa = PBXBuildFile; fileRef = CEBDFBF52B0B31CA00D43BF9 /* PostWrite.swift */; };
		CEBDFBF82B0B4AE200D43BF9 /* Post.swift in Sources */ = {isa = PBXBuildFile; fileRef = CEBDFBF72B0B4AE200D43BF9 /* Post.swift */; };
		CEBDFBFC2B0B97EA00D43BF9 /* PostWriteError.swift in Sources */ = {isa = PBXBuildFile; fileRef = CEBDFBFB2B0B97EA00D43BF9 /* PostWriteError.swift */; };
		CEBDFBFE2B0B9EB700D43BF9 /* UIScrollView+Extension.swift in Sources */ = {isa = PBXBuildFile; fileRef = CEBDFBFD2B0B9EB700D43BF9 /* UIScrollView+Extension.swift */; };
		CEBDFC002B0BAA3500D43BF9 /* BoardWriteViewModel.swift in Sources */ = {isa = PBXBuildFile; fileRef = CEBDFBFF2B0BAA3500D43BF9 /* BoardWriteViewModel.swift */; };
		CEBDFC022B0BB52100D43BF9 /* ProductId.swift in Sources */ = {isa = PBXBuildFile; fileRef = CEBDFC012B0BB52100D43BF9 /* ProductId.swift */; };
		CEC2FBCF2B0212AF002E3046 /* AuthenticationAPI.swift in Sources */ = {isa = PBXBuildFile; fileRef = CEC2FBCE2B0212AF002E3046 /* AuthenticationAPI.swift */; };
		CEC2FBD42B021750002E3046 /* Login.swift in Sources */ = {isa = PBXBuildFile; fileRef = CEC2FBD32B021750002E3046 /* Login.swift */; };
		CEC2FBD62B021796002E3046 /* AuthenticationAPIManager.swift in Sources */ = {isa = PBXBuildFile; fileRef = CEC2FBD52B021796002E3046 /* AuthenticationAPIManager.swift */; };
		CEC2FBD92B021C51002E3046 /* LoginToken.swift in Sources */ = {isa = PBXBuildFile; fileRef = CEC2FBD82B021C51002E3046 /* LoginToken.swift */; };
		CEC2FBDD2B026DD9002E3046 /* Moya in Frameworks */ = {isa = PBXBuildFile; productRef = CEC2FBDC2B026DD9002E3046 /* Moya */; };
		CEC2FBDF2B026DF9002E3046 /* ErrorModel.swift in Sources */ = {isa = PBXBuildFile; fileRef = CEC2FBDE2B026DF9002E3046 /* ErrorModel.swift */; };
		CEC2FBE12B0270DC002E3046 /* NetworkError.swift in Sources */ = {isa = PBXBuildFile; fileRef = CEC2FBE02B0270DC002E3046 /* NetworkError.swift */; };
		CED961502B0CEE8C0067C424 /* ReadResponse.swift in Sources */ = {isa = PBXBuildFile; fileRef = CED9614F2B0CEE8C0067C424 /* ReadResponse.swift */; };
		CED961582B0CF73B0067C424 /* Kingfisher in Frameworks */ = {isa = PBXBuildFile; productRef = CED961572B0CF73B0067C424 /* Kingfisher */; };
		CEDC337E2B0F47D300A5788E /* ImageLoadManager.swift in Sources */ = {isa = PBXBuildFile; fileRef = CEDC337D2B0F47D300A5788E /* ImageLoadManager.swift */; };
		CEEA87552B01E30000AC375F /* AppDelegate.swift in Sources */ = {isa = PBXBuildFile; fileRef = CEEA87542B01E30000AC375F /* AppDelegate.swift */; };
		CEEA87572B01E30000AC375F /* SceneDelegate.swift in Sources */ = {isa = PBXBuildFile; fileRef = CEEA87562B01E30000AC375F /* SceneDelegate.swift */; };
		CEEA87592B01E30000AC375F /* ViewController.swift in Sources */ = {isa = PBXBuildFile; fileRef = CEEA87582B01E30000AC375F /* ViewController.swift */; };
		CEEA875C2B01E30000AC375F /* Main.storyboard in Resources */ = {isa = PBXBuildFile; fileRef = CEEA875A2B01E30000AC375F /* Main.storyboard */; };
		CEEA875E2B01E30200AC375F /* Assets.xcassets in Resources */ = {isa = PBXBuildFile; fileRef = CEEA875D2B01E30200AC375F /* Assets.xcassets */; };
		CEEA87612B01E30200AC375F /* LaunchScreen.storyboard in Resources */ = {isa = PBXBuildFile; fileRef = CEEA875F2B01E30200AC375F /* LaunchScreen.storyboard */; };
		CEEA87712B01ECF300AC375F /* .gitIgnore in Resources */ = {isa = PBXBuildFile; fileRef = CEEA87702B01ECF300AC375F /* .gitIgnore */; };
		CEEA87732B01ED4700AC375F /* APIKey.swift in Sources */ = {isa = PBXBuildFile; fileRef = CEEA87722B01ED4700AC375F /* APIKey.swift */; };
		CEEA87752B01ED5000AC375F /* BaseURL.swift in Sources */ = {isa = PBXBuildFile; fileRef = CEEA87742B01ED5000AC375F /* BaseURL.swift */; };
		CEEA877A2B01EEAA00AC375F /* SnapKit in Frameworks */ = {isa = PBXBuildFile; productRef = CEEA87792B01EEAA00AC375F /* SnapKit */; };
		CEEA877D2B01EECB00AC375F /* RxCocoa in Frameworks */ = {isa = PBXBuildFile; productRef = CEEA877C2B01EECB00AC375F /* RxCocoa */; };
		CEEA877F2B01EECB00AC375F /* RxSwift in Frameworks */ = {isa = PBXBuildFile; productRef = CEEA877E2B01EECB00AC375F /* RxSwift */; };
		CEEA87822B01EEDB00AC375F /* RxDataSources in Frameworks */ = {isa = PBXBuildFile; productRef = CEEA87812B01EEDB00AC375F /* RxDataSources */; };
		CEEA87872B01F0A000AC375F /* BaseView.swift in Sources */ = {isa = PBXBuildFile; fileRef = CEEA87862B01F0A000AC375F /* BaseView.swift */; };
		CEEA87892B01F10900AC375F /* Constants.swift in Sources */ = {isa = PBXBuildFile; fileRef = CEEA87882B01F10900AC375F /* Constants.swift */; };
		CEEA878B2B01F1A400AC375F /* BaseViewController.swift in Sources */ = {isa = PBXBuildFile; fileRef = CEEA878A2B01F1A400AC375F /* BaseViewController.swift */; };
		CEEA878D2B01F3C700AC375F /* LoginViewController.swift in Sources */ = {isa = PBXBuildFile; fileRef = CEEA878C2B01F3C700AC375F /* LoginViewController.swift */; };
		CEEA878F2B01F3D200AC375F /* LoginView.swift in Sources */ = {isa = PBXBuildFile; fileRef = CEEA878E2B01F3D200AC375F /* LoginView.swift */; };
		CEEA87912B01F3D900AC375F /* LoginViewModel.swift in Sources */ = {isa = PBXBuildFile; fileRef = CEEA87902B01F3D900AC375F /* LoginViewModel.swift */; };
		CEEA87942B01F82000AC375F /* IQKeyboardManagerSwift in Frameworks */ = {isa = PBXBuildFile; productRef = CEEA87932B01F82000AC375F /* IQKeyboardManagerSwift */; };
		CEEA87972B01F87500AC375F /* CustomTextField.swift in Sources */ = {isa = PBXBuildFile; fileRef = CEEA87962B01F87500AC375F /* CustomTextField.swift */; };
		CEEA87992B01F9FF00AC375F /* MainButton.swift in Sources */ = {isa = PBXBuildFile; fileRef = CEEA87982B01F9FF00AC375F /* MainButton.swift */; };
		CEEA879D2B02028A00AC375F /* TextFieldUnderline.swift in Sources */ = {isa = PBXBuildFile; fileRef = CEEA879C2B02028A00AC375F /* TextFieldUnderline.swift */; };
		CEECBF172B0601D70031947E /* CommonError.swift in Sources */ = {isa = PBXBuildFile; fileRef = CEECBF162B0601D70031947E /* CommonError.swift */; };
		CEECBF1A2B0665590031947E /* RefreshResult.swift in Sources */ = {isa = PBXBuildFile; fileRef = CEECBF192B0665590031947E /* RefreshResult.swift */; };
		CEECBF1C2B066C0F0031947E /* RefreshTokenManager.swift in Sources */ = {isa = PBXBuildFile; fileRef = CEECBF1B2B066C0F0031947E /* RefreshTokenManager.swift */; };
		CEECBF272B08E7750031947E /* ValidationLabel.swift in Sources */ = {isa = PBXBuildFile; fileRef = CEECBF262B08E7750031947E /* ValidationLabel.swift */; };
		CEECBF292B08FC120031947E /* ValidStackView.swift in Sources */ = {isa = PBXBuildFile; fileRef = CEECBF282B08FC120031947E /* ValidStackView.swift */; };
		CEECBF8D2B0A3EA20031947E /* BoardView.swift in Sources */ = {isa = PBXBuildFile; fileRef = CEECBF8C2B0A3EA20031947E /* BoardView.swift */; };
		CEECBF8F2B0A3EA80031947E /* BoardViewController.swift in Sources */ = {isa = PBXBuildFile; fileRef = CEECBF8E2B0A3EA80031947E /* BoardViewController.swift */; };
		CEECBF912B0A40520031947E /* TabBarController.swift in Sources */ = {isa = PBXBuildFile; fileRef = CEECBF902B0A40520031947E /* TabBarController.swift */; };
		CEECBF942B0A42E00031947E /* BoardWriteView.swift in Sources */ = {isa = PBXBuildFile; fileRef = CEECBF932B0A42E00031947E /* BoardWriteView.swift */; };
		CEECBF962B0A42EA0031947E /* BoardWriteViewController.swift in Sources */ = {isa = PBXBuildFile; fileRef = CEECBF952B0A42EA0031947E /* BoardWriteViewController.swift */; };
		CEED52A92B04EE49007E12FA /* HomeViewController.swift in Sources */ = {isa = PBXBuildFile; fileRef = CEED52A82B04EE49007E12FA /* HomeViewController.swift */; };
		CEED52AB2B04EE58007E12FA /* HomeView.swift in Sources */ = {isa = PBXBuildFile; fileRef = CEED52AA2B04EE58007E12FA /* HomeView.swift */; };
		CEED52AD2B04F0AC007E12FA /* UserDefaultsHelper.swift in Sources */ = {isa = PBXBuildFile; fileRef = CEED52AC2B04F0AC007E12FA /* UserDefaultsHelper.swift */; };
		CEED52AF2B04FB5F007E12FA /* ContentError.swift in Sources */ = {isa = PBXBuildFile; fileRef = CEED52AE2B04FB5F007E12FA /* ContentError.swift */; };
		CEED52B12B04FB6F007E12FA /* RefreshError.swift in Sources */ = {isa = PBXBuildFile; fileRef = CEED52B02B04FB6F007E12FA /* RefreshError.swift */; };
		CEED52B32B050354007E12FA /* JoinError.swift in Sources */ = {isa = PBXBuildFile; fileRef = CEED52B22B050354007E12FA /* JoinError.swift */; };
		CEED52B52B05056E007E12FA /* EmailValidationError.swift in Sources */ = {isa = PBXBuildFile; fileRef = CEED52B42B05056E007E12FA /* EmailValidationError.swift */; };
		CEED52B72B050652007E12FA /* WithdrawError.swift in Sources */ = {isa = PBXBuildFile; fileRef = CEED52B62B050652007E12FA /* WithdrawError.swift */; };
		CEED52B92B050893007E12FA /* RefreshToken.swift in Sources */ = {isa = PBXBuildFile; fileRef = CEED52B82B050893007E12FA /* RefreshToken.swift */; };
/* End PBXBuildFile section */

/* Begin PBXFileReference section */
		CE048CC42B03913300FAC038 /* Join.swift */ = {isa = PBXFileReference; lastKnownFileType = sourcecode.swift; path = Join.swift; sourceTree = "<group>"; };
		CE290E852B049A3B007DFCAE /* UserInfoResponse.swift */ = {isa = PBXFileReference; lastKnownFileType = sourcecode.swift; path = UserInfoResponse.swift; sourceTree = "<group>"; };
		CE290E882B049ABD007DFCAE /* JoinViewController.swift */ = {isa = PBXFileReference; lastKnownFileType = sourcecode.swift; path = JoinViewController.swift; sourceTree = "<group>"; };
		CE290E8A2B049AC6007DFCAE /* JoinViewModel.swift */ = {isa = PBXFileReference; lastKnownFileType = sourcecode.swift; path = JoinViewModel.swift; sourceTree = "<group>"; };
		CE290E8C2B049ACF007DFCAE /* JoinView.swift */ = {isa = PBXFileReference; lastKnownFileType = sourcecode.swift; path = JoinView.swift; sourceTree = "<group>"; };
		CE290E8F2B04A3B1007DFCAE /* DateFormatter+Extension.swift */ = {isa = PBXFileReference; lastKnownFileType = sourcecode.swift; path = "DateFormatter+Extension.swift"; sourceTree = "<group>"; };
		CE290E922B04B285007DFCAE /* Image.swift */ = {isa = PBXFileReference; lastKnownFileType = sourcecode.swift; path = Image.swift; sourceTree = "<group>"; };
		CE290E942B04B29A007DFCAE /* Color.swift */ = {isa = PBXFileReference; lastKnownFileType = sourcecode.swift; path = Color.swift; sourceTree = "<group>"; };
		CE290E962B04B2A2007DFCAE /* Design.swift */ = {isa = PBXFileReference; lastKnownFileType = sourcecode.swift; path = Design.swift; sourceTree = "<group>"; };
		CE290E982B04B7C6007DFCAE /* ResponseMessage.swift */ = {isa = PBXFileReference; lastKnownFileType = sourcecode.swift; path = ResponseMessage.swift; sourceTree = "<group>"; };
		CE290E9B2B04BF51007DFCAE /* LoginError.swift */ = {isa = PBXFileReference; lastKnownFileType = sourcecode.swift; path = LoginError.swift; sourceTree = "<group>"; };
		CE3A15152B05B13E009B913F /* HomeViewModel.swift */ = {isa = PBXFileReference; lastKnownFileType = sourcecode.swift; path = HomeViewModel.swift; sourceTree = "<group>"; };
		CEBDFBEF2B0B2CA800D43BF9 /* PostAPI.swift */ = {isa = PBXFileReference; lastKnownFileType = sourcecode.swift; path = PostAPI.swift; sourceTree = "<group>"; };
		CEBDFBF32B0B31B900D43BF9 /* PostAPIManager.swift */ = {isa = PBXFileReference; lastKnownFileType = sourcecode.swift; path = PostAPIManager.swift; sourceTree = "<group>"; };
		CEBDFBF52B0B31CA00D43BF9 /* PostWrite.swift */ = {isa = PBXFileReference; lastKnownFileType = sourcecode.swift; path = PostWrite.swift; sourceTree = "<group>"; };
		CEBDFBF72B0B4AE200D43BF9 /* Post.swift */ = {isa = PBXFileReference; lastKnownFileType = sourcecode.swift; path = Post.swift; sourceTree = "<group>"; };
		CEBDFBFB2B0B97EA00D43BF9 /* PostWriteError.swift */ = {isa = PBXFileReference; lastKnownFileType = sourcecode.swift; path = PostWriteError.swift; sourceTree = "<group>"; };
		CEBDFBFD2B0B9EB700D43BF9 /* UIScrollView+Extension.swift */ = {isa = PBXFileReference; lastKnownFileType = sourcecode.swift; path = "UIScrollView+Extension.swift"; sourceTree = "<group>"; };
		CEBDFBFF2B0BAA3500D43BF9 /* BoardWriteViewModel.swift */ = {isa = PBXFileReference; lastKnownFileType = sourcecode.swift; path = BoardWriteViewModel.swift; sourceTree = "<group>"; };
		CEBDFC012B0BB52100D43BF9 /* ProductId.swift */ = {isa = PBXFileReference; lastKnownFileType = sourcecode.swift; path = ProductId.swift; sourceTree = "<group>"; };
		CEC2FBCE2B0212AF002E3046 /* AuthenticationAPI.swift */ = {isa = PBXFileReference; lastKnownFileType = sourcecode.swift; path = AuthenticationAPI.swift; sourceTree = "<group>"; };
		CEC2FBD32B021750002E3046 /* Login.swift */ = {isa = PBXFileReference; lastKnownFileType = sourcecode.swift; path = Login.swift; sourceTree = "<group>"; };
		CEC2FBD52B021796002E3046 /* AuthenticationAPIManager.swift */ = {isa = PBXFileReference; lastKnownFileType = sourcecode.swift; path = AuthenticationAPIManager.swift; sourceTree = "<group>"; };
		CEC2FBD82B021C51002E3046 /* LoginToken.swift */ = {isa = PBXFileReference; lastKnownFileType = sourcecode.swift; path = LoginToken.swift; sourceTree = "<group>"; };
		CEC2FBDE2B026DF9002E3046 /* ErrorModel.swift */ = {isa = PBXFileReference; lastKnownFileType = sourcecode.swift; path = ErrorModel.swift; sourceTree = "<group>"; };
		CEC2FBE02B0270DC002E3046 /* NetworkError.swift */ = {isa = PBXFileReference; lastKnownFileType = sourcecode.swift; path = NetworkError.swift; sourceTree = "<group>"; };
		CED9614F2B0CEE8C0067C424 /* ReadResponse.swift */ = {isa = PBXFileReference; lastKnownFileType = sourcecode.swift; path = ReadResponse.swift; sourceTree = "<group>"; };
		CEDC337D2B0F47D300A5788E /* ImageLoadManager.swift */ = {isa = PBXFileReference; lastKnownFileType = sourcecode.swift; path = ImageLoadManager.swift; sourceTree = "<group>"; };
		CEEA87512B01E30000AC375F /* TimeLine.app */ = {isa = PBXFileReference; explicitFileType = wrapper.application; includeInIndex = 0; path = TimeLine.app; sourceTree = BUILT_PRODUCTS_DIR; };
		CEEA87542B01E30000AC375F /* AppDelegate.swift */ = {isa = PBXFileReference; lastKnownFileType = sourcecode.swift; path = AppDelegate.swift; sourceTree = "<group>"; };
		CEEA87562B01E30000AC375F /* SceneDelegate.swift */ = {isa = PBXFileReference; lastKnownFileType = sourcecode.swift; path = SceneDelegate.swift; sourceTree = "<group>"; };
		CEEA87582B01E30000AC375F /* ViewController.swift */ = {isa = PBXFileReference; lastKnownFileType = sourcecode.swift; path = ViewController.swift; sourceTree = "<group>"; };
		CEEA875B2B01E30000AC375F /* Base */ = {isa = PBXFileReference; lastKnownFileType = file.storyboard; name = Base; path = Base.lproj/Main.storyboard; sourceTree = "<group>"; };
		CEEA875D2B01E30200AC375F /* Assets.xcassets */ = {isa = PBXFileReference; lastKnownFileType = folder.assetcatalog; path = Assets.xcassets; sourceTree = "<group>"; };
		CEEA87602B01E30200AC375F /* Base */ = {isa = PBXFileReference; lastKnownFileType = file.storyboard; name = Base; path = Base.lproj/LaunchScreen.storyboard; sourceTree = "<group>"; };
		CEEA87622B01E30200AC375F /* Info.plist */ = {isa = PBXFileReference; lastKnownFileType = text.plist.xml; path = Info.plist; sourceTree = "<group>"; };
		CEEA87702B01ECF300AC375F /* .gitIgnore */ = {isa = PBXFileReference; lastKnownFileType = text; path = .gitIgnore; sourceTree = "<group>"; };
		CEEA87722B01ED4700AC375F /* APIKey.swift */ = {isa = PBXFileReference; lastKnownFileType = sourcecode.swift; path = APIKey.swift; sourceTree = "<group>"; };
		CEEA87742B01ED5000AC375F /* BaseURL.swift */ = {isa = PBXFileReference; lastKnownFileType = sourcecode.swift; path = BaseURL.swift; sourceTree = "<group>"; };
		CEEA87862B01F0A000AC375F /* BaseView.swift */ = {isa = PBXFileReference; lastKnownFileType = sourcecode.swift; path = BaseView.swift; sourceTree = "<group>"; };
		CEEA87882B01F10900AC375F /* Constants.swift */ = {isa = PBXFileReference; lastKnownFileType = sourcecode.swift; path = Constants.swift; sourceTree = "<group>"; };
		CEEA878A2B01F1A400AC375F /* BaseViewController.swift */ = {isa = PBXFileReference; lastKnownFileType = sourcecode.swift; path = BaseViewController.swift; sourceTree = "<group>"; };
		CEEA878C2B01F3C700AC375F /* LoginViewController.swift */ = {isa = PBXFileReference; lastKnownFileType = sourcecode.swift; path = LoginViewController.swift; sourceTree = "<group>"; };
		CEEA878E2B01F3D200AC375F /* LoginView.swift */ = {isa = PBXFileReference; lastKnownFileType = sourcecode.swift; path = LoginView.swift; sourceTree = "<group>"; };
		CEEA87902B01F3D900AC375F /* LoginViewModel.swift */ = {isa = PBXFileReference; lastKnownFileType = sourcecode.swift; path = LoginViewModel.swift; sourceTree = "<group>"; };
		CEEA87962B01F87500AC375F /* CustomTextField.swift */ = {isa = PBXFileReference; lastKnownFileType = sourcecode.swift; path = CustomTextField.swift; sourceTree = "<group>"; };
		CEEA87982B01F9FF00AC375F /* MainButton.swift */ = {isa = PBXFileReference; lastKnownFileType = sourcecode.swift; path = MainButton.swift; sourceTree = "<group>"; };
		CEEA879C2B02028A00AC375F /* TextFieldUnderline.swift */ = {isa = PBXFileReference; lastKnownFileType = sourcecode.swift; path = TextFieldUnderline.swift; sourceTree = "<group>"; };
		CEECBF162B0601D70031947E /* CommonError.swift */ = {isa = PBXFileReference; lastKnownFileType = sourcecode.swift; path = CommonError.swift; sourceTree = "<group>"; };
		CEECBF192B0665590031947E /* RefreshResult.swift */ = {isa = PBXFileReference; lastKnownFileType = sourcecode.swift; path = RefreshResult.swift; sourceTree = "<group>"; };
		CEECBF1B2B066C0F0031947E /* RefreshTokenManager.swift */ = {isa = PBXFileReference; lastKnownFileType = sourcecode.swift; path = RefreshTokenManager.swift; sourceTree = "<group>"; };
		CEECBF262B08E7750031947E /* ValidationLabel.swift */ = {isa = PBXFileReference; lastKnownFileType = sourcecode.swift; path = ValidationLabel.swift; sourceTree = "<group>"; };
		CEECBF282B08FC120031947E /* ValidStackView.swift */ = {isa = PBXFileReference; lastKnownFileType = sourcecode.swift; path = ValidStackView.swift; sourceTree = "<group>"; };
		CEECBF8C2B0A3EA20031947E /* BoardView.swift */ = {isa = PBXFileReference; lastKnownFileType = sourcecode.swift; path = BoardView.swift; sourceTree = "<group>"; };
		CEECBF8E2B0A3EA80031947E /* BoardViewController.swift */ = {isa = PBXFileReference; lastKnownFileType = sourcecode.swift; path = BoardViewController.swift; sourceTree = "<group>"; };
		CEECBF902B0A40520031947E /* TabBarController.swift */ = {isa = PBXFileReference; lastKnownFileType = sourcecode.swift; path = TabBarController.swift; sourceTree = "<group>"; };
		CEECBF932B0A42E00031947E /* BoardWriteView.swift */ = {isa = PBXFileReference; lastKnownFileType = sourcecode.swift; path = BoardWriteView.swift; sourceTree = "<group>"; };
		CEECBF952B0A42EA0031947E /* BoardWriteViewController.swift */ = {isa = PBXFileReference; lastKnownFileType = sourcecode.swift; path = BoardWriteViewController.swift; sourceTree = "<group>"; };
		CEED52A82B04EE49007E12FA /* HomeViewController.swift */ = {isa = PBXFileReference; lastKnownFileType = sourcecode.swift; path = HomeViewController.swift; sourceTree = "<group>"; };
		CEED52AA2B04EE58007E12FA /* HomeView.swift */ = {isa = PBXFileReference; lastKnownFileType = sourcecode.swift; path = HomeView.swift; sourceTree = "<group>"; };
		CEED52AC2B04F0AC007E12FA /* UserDefaultsHelper.swift */ = {isa = PBXFileReference; lastKnownFileType = sourcecode.swift; path = UserDefaultsHelper.swift; sourceTree = "<group>"; };
		CEED52AE2B04FB5F007E12FA /* ContentError.swift */ = {isa = PBXFileReference; lastKnownFileType = sourcecode.swift; path = ContentError.swift; sourceTree = "<group>"; };
		CEED52B02B04FB6F007E12FA /* RefreshError.swift */ = {isa = PBXFileReference; lastKnownFileType = sourcecode.swift; path = RefreshError.swift; sourceTree = "<group>"; };
		CEED52B22B050354007E12FA /* JoinError.swift */ = {isa = PBXFileReference; lastKnownFileType = sourcecode.swift; path = JoinError.swift; sourceTree = "<group>"; };
		CEED52B42B05056E007E12FA /* EmailValidationError.swift */ = {isa = PBXFileReference; lastKnownFileType = sourcecode.swift; path = EmailValidationError.swift; sourceTree = "<group>"; };
		CEED52B62B050652007E12FA /* WithdrawError.swift */ = {isa = PBXFileReference; lastKnownFileType = sourcecode.swift; path = WithdrawError.swift; sourceTree = "<group>"; };
		CEED52B82B050893007E12FA /* RefreshToken.swift */ = {isa = PBXFileReference; lastKnownFileType = sourcecode.swift; path = RefreshToken.swift; sourceTree = "<group>"; };
/* End PBXFileReference section */

/* Begin PBXFrameworksBuildPhase section */
		CEEA874E2B01E30000AC375F /* Frameworks */ = {
			isa = PBXFrameworksBuildPhase;
			buildActionMask = 2147483647;
			files = (
				CEEA877F2B01EECB00AC375F /* RxSwift in Frameworks */,
				CEEA87822B01EEDB00AC375F /* RxDataSources in Frameworks */,
				CED961582B0CF73B0067C424 /* Kingfisher in Frameworks */,
				CEC2FBDD2B026DD9002E3046 /* Moya in Frameworks */,
				CEEA877D2B01EECB00AC375F /* RxCocoa in Frameworks */,
				CEEA877A2B01EEAA00AC375F /* SnapKit in Frameworks */,
				CEEA87942B01F82000AC375F /* IQKeyboardManagerSwift in Frameworks */,
			);
			runOnlyForDeploymentPostprocessing = 0;
		};
/* End PBXFrameworksBuildPhase section */

/* Begin PBXGroup section */
		CE048CC02B038EF600FAC038 /* Authentication */ = {
			isa = PBXGroup;
			children = (
				CEC2FBCE2B0212AF002E3046 /* AuthenticationAPI.swift */,
				CEC2FBD52B021796002E3046 /* AuthenticationAPIManager.swift */,
				CEECBF1B2B066C0F0031947E /* RefreshTokenManager.swift */,
			);
			path = Authentication;
			sourceTree = "<group>";
		};
		CE048CC12B0390FD00FAC038 /* Authentication */ = {
			isa = PBXGroup;
			children = (
				CEECBF182B0665440031947E /* Token */,
				CE048CC32B03912400FAC038 /* Join */,
				CEC2FBD72B021C3D002E3046 /* Login */,
			);
			path = Authentication;
			sourceTree = "<group>";
		};
		CE048CC32B03912400FAC038 /* Join */ = {
			isa = PBXGroup;
			children = (
				CE048CC42B03913300FAC038 /* Join.swift */,
				CE290E852B049A3B007DFCAE /* UserInfoResponse.swift */,
			);
			path = Join;
			sourceTree = "<group>";
		};
		CE290E872B049AAF007DFCAE /* Join */ = {
			isa = PBXGroup;
			children = (
				CE290E882B049ABD007DFCAE /* JoinViewController.swift */,
				CE290E8A2B049AC6007DFCAE /* JoinViewModel.swift */,
				CE290E8C2B049ACF007DFCAE /* JoinView.swift */,
			);
			path = Join;
			sourceTree = "<group>";
		};
		CE290E8E2B04A3A4007DFCAE /* Extension */ = {
			isa = PBXGroup;
			children = (
				CE290E8F2B04A3B1007DFCAE /* DateFormatter+Extension.swift */,
				CEBDFBFD2B0B9EB700D43BF9 /* UIScrollView+Extension.swift */,
			);
			path = Extension;
			sourceTree = "<group>";
		};
		CE290E912B04B273007DFCAE /* Constants */ = {
			isa = PBXGroup;
			children = (
				CEEA87882B01F10900AC375F /* Constants.swift */,
				CE290E962B04B2A2007DFCAE /* Design.swift */,
				CE290E922B04B285007DFCAE /* Image.swift */,
				CE290E942B04B29A007DFCAE /* Color.swift */,
				CEBDFC012B0BB52100D43BF9 /* ProductId.swift */,
			);
			path = Constants;
			sourceTree = "<group>";
		};
		CE290E9A2B04BF43007DFCAE /* Authentication */ = {
			isa = PBXGroup;
			children = (
				CE290E9B2B04BF51007DFCAE /* LoginError.swift */,
				CEED52AE2B04FB5F007E12FA /* ContentError.swift */,
				CEED52B02B04FB6F007E12FA /* RefreshError.swift */,
				CEED52B22B050354007E12FA /* JoinError.swift */,
				CEED52B42B05056E007E12FA /* EmailValidationError.swift */,
				CEED52B62B050652007E12FA /* WithdrawError.swift */,
			);
			path = Authentication;
			sourceTree = "<group>";
		};
		CEBDFBEE2B0B2CA000D43BF9 /* Post */ = {
			isa = PBXGroup;
			children = (
				CEBDFBEF2B0B2CA800D43BF9 /* PostAPI.swift */,
				CEBDFBF32B0B31B900D43BF9 /* PostAPIManager.swift */,
			);
			path = Post;
			sourceTree = "<group>";
		};
		CEBDFBF12B0B319C00D43BF9 /* Post */ = {
			isa = PBXGroup;
			children = (
				CEBDFBFA2B0B959100D43BF9 /* Read */,
				CEBDFBF92B0B958800D43BF9 /* Write */,
			);
			path = Post;
			sourceTree = "<group>";
		};
		CEBDFBF22B0B31A100D43BF9 /* Post */ = {
			isa = PBXGroup;
			children = (
				CEBDFBFB2B0B97EA00D43BF9 /* PostWriteError.swift */,
			);
			path = Post;
			sourceTree = "<group>";
		};
		CEBDFBF92B0B958800D43BF9 /* Write */ = {
			isa = PBXGroup;
			children = (
				CEBDFBF52B0B31CA00D43BF9 /* PostWrite.swift */,
				CEBDFBF72B0B4AE200D43BF9 /* Post.swift */,
			);
			path = Write;
			sourceTree = "<group>";
		};
		CEBDFBFA2B0B959100D43BF9 /* Read */ = {
			isa = PBXGroup;
			children = (
				CED9614F2B0CEE8C0067C424 /* ReadResponse.swift */,
			);
			path = Read;
			sourceTree = "<group>";
		};
		CEC2FBD22B02174A002E3046 /* Model */ = {
			isa = PBXGroup;
			children = (
				CEBDFBF12B0B319C00D43BF9 /* Post */,
				CE048CC12B0390FD00FAC038 /* Authentication */,
				CE290E982B04B7C6007DFCAE /* ResponseMessage.swift */,
			);
			path = Model;
			sourceTree = "<group>";
		};
		CEC2FBD72B021C3D002E3046 /* Login */ = {
			isa = PBXGroup;
			children = (
				CEC2FBD32B021750002E3046 /* Login.swift */,
				CEC2FBD82B021C51002E3046 /* LoginToken.swift */,
			);
			path = Login;
			sourceTree = "<group>";
		};
		CEC2FBDA2B021D35002E3046 /* Error */ = {
			isa = PBXGroup;
			children = (
				CEBDFBF22B0B31A100D43BF9 /* Post */,
				CE290E9A2B04BF43007DFCAE /* Authentication */,
				CEC2FBDE2B026DF9002E3046 /* ErrorModel.swift */,
				CEC2FBE02B0270DC002E3046 /* NetworkError.swift */,
				CEECBF162B0601D70031947E /* CommonError.swift */,
			);
			path = Error;
			sourceTree = "<group>";
		};
		CED961512B0CEF820067C424 /* Read */ = {
			isa = PBXGroup;
			children = (
			);
			path = Read;
			sourceTree = "<group>";
		};
		CEEA87482B01E30000AC375F = {
			isa = PBXGroup;
			children = (
				CEEA87532B01E30000AC375F /* TimeLine */,
				CEEA87522B01E30000AC375F /* Products */,
			);
			sourceTree = "<group>";
		};
		CEEA87522B01E30000AC375F /* Products */ = {
			isa = PBXGroup;
			children = (
				CEEA87512B01E30000AC375F /* TimeLine.app */,
			);
			name = Products;
			sourceTree = "<group>";
		};
		CEEA87532B01E30000AC375F /* TimeLine */ = {
			isa = PBXGroup;
			children = (
				CEC2FBDA2B021D35002E3046 /* Error */,
				CEC2FBD22B02174A002E3046 /* Model */,
				CEEA87952B01F85E00AC375F /* View */,
				CEEA87772B01EE9200AC375F /* Utility */,
				CEEA876D2B01EC9E00AC375F /* Network */,
				CEEA876B2B01EC7D00AC375F /* Scene */,
				CEEA87542B01E30000AC375F /* AppDelegate.swift */,
				CEEA87562B01E30000AC375F /* SceneDelegate.swift */,
				CEEA87582B01E30000AC375F /* ViewController.swift */,
				CEEA875A2B01E30000AC375F /* Main.storyboard */,
				CEEA875D2B01E30200AC375F /* Assets.xcassets */,
				CEEA875F2B01E30200AC375F /* LaunchScreen.storyboard */,
				CEEA87622B01E30200AC375F /* Info.plist */,
				CEEA87702B01ECF300AC375F /* .gitIgnore */,
			);
			path = TimeLine;
			sourceTree = "<group>";
		};
		CEEA876B2B01EC7D00AC375F /* Scene */ = {
			isa = PBXGroup;
			children = (
				CEECBF8B2B0A3E9B0031947E /* Board */,
				CEED52A72B04EE3F007E12FA /* Home */,
				CE290E872B049AAF007DFCAE /* Join */,
				CEEA87762B01EDBB00AC375F /* Login */,
				CEEA876C2B01EC8400AC375F /* Base */,
				CEECBF902B0A40520031947E /* TabBarController.swift */,
			);
			path = Scene;
			sourceTree = "<group>";
		};
		CEEA876C2B01EC8400AC375F /* Base */ = {
			isa = PBXGroup;
			children = (
				CEEA87862B01F0A000AC375F /* BaseView.swift */,
				CEEA878A2B01F1A400AC375F /* BaseViewController.swift */,
			);
			path = Base;
			sourceTree = "<group>";
		};
		CEEA876D2B01EC9E00AC375F /* Network */ = {
			isa = PBXGroup;
			children = (
				CEBDFBEE2B0B2CA000D43BF9 /* Post */,
				CE048CC02B038EF600FAC038 /* Authentication */,
				CEEA87722B01ED4700AC375F /* APIKey.swift */,
				CEEA87742B01ED5000AC375F /* BaseURL.swift */,
			);
			path = Network;
			sourceTree = "<group>";
		};
		CEEA87762B01EDBB00AC375F /* Login */ = {
			isa = PBXGroup;
			children = (
				CEEA878C2B01F3C700AC375F /* LoginViewController.swift */,
				CEEA878E2B01F3D200AC375F /* LoginView.swift */,
				CEEA87902B01F3D900AC375F /* LoginViewModel.swift */,
			);
			path = Login;
			sourceTree = "<group>";
		};
		CEEA87772B01EE9200AC375F /* Utility */ = {
			isa = PBXGroup;
			children = (
				CE290E912B04B273007DFCAE /* Constants */,
				CE290E8E2B04A3A4007DFCAE /* Extension */,
				CEDC337D2B0F47D300A5788E /* ImageLoadManager.swift */,
			);
			path = Utility;
			sourceTree = "<group>";
		};
		CEEA87952B01F85E00AC375F /* View */ = {
			isa = PBXGroup;
			children = (
				CEEA87962B01F87500AC375F /* CustomTextField.swift */,
				CEEA87982B01F9FF00AC375F /* MainButton.swift */,
				CEEA879C2B02028A00AC375F /* TextFieldUnderline.swift */,
				CEECBF262B08E7750031947E /* ValidationLabel.swift */,
				CEECBF282B08FC120031947E /* ValidStackView.swift */,
			);
			path = View;
			sourceTree = "<group>";
		};
		CEECBF182B0665440031947E /* Token */ = {
			isa = PBXGroup;
			children = (
				CEED52B82B050893007E12FA /* RefreshToken.swift */,
				CEED52AC2B04F0AC007E12FA /* UserDefaultsHelper.swift */,
				CEECBF192B0665590031947E /* RefreshResult.swift */,
			);
			path = Token;
			sourceTree = "<group>";
		};
		CEECBF8B2B0A3E9B0031947E /* Board */ = {
			isa = PBXGroup;
			children = (
				CED961512B0CEF820067C424 /* Read */,
				CEECBF922B0A42A70031947E /* Write */,
				CEECBF8C2B0A3EA20031947E /* BoardView.swift */,
				CEECBF8E2B0A3EA80031947E /* BoardViewController.swift */,
			);
			path = Board;
			sourceTree = "<group>";
		};
		CEECBF922B0A42A70031947E /* Write */ = {
			isa = PBXGroup;
			children = (
				CEECBF932B0A42E00031947E /* BoardWriteView.swift */,
				CEECBF952B0A42EA0031947E /* BoardWriteViewController.swift */,
				CEBDFBFF2B0BAA3500D43BF9 /* BoardWriteViewModel.swift */,
			);
			path = Write;
			sourceTree = "<group>";
		};
		CEED52A72B04EE3F007E12FA /* Home */ = {
			isa = PBXGroup;
			children = (
				CEED52A82B04EE49007E12FA /* HomeViewController.swift */,
				CEED52AA2B04EE58007E12FA /* HomeView.swift */,
				CE3A15152B05B13E009B913F /* HomeViewModel.swift */,
			);
			path = Home;
			sourceTree = "<group>";
		};
/* End PBXGroup section */

/* Begin PBXNativeTarget section */
		CEEA87502B01E30000AC375F /* TimeLine */ = {
			isa = PBXNativeTarget;
			buildConfigurationList = CEEA87652B01E30200AC375F /* Build configuration list for PBXNativeTarget "TimeLine" */;
			buildPhases = (
				CEEA874D2B01E30000AC375F /* Sources */,
				CEEA874E2B01E30000AC375F /* Frameworks */,
				CEEA874F2B01E30000AC375F /* Resources */,
			);
			buildRules = (
			);
			dependencies = (
			);
			name = TimeLine;
			packageProductDependencies = (
				CEEA87792B01EEAA00AC375F /* SnapKit */,
				CEEA877C2B01EECB00AC375F /* RxCocoa */,
				CEEA877E2B01EECB00AC375F /* RxSwift */,
				CEEA87812B01EEDB00AC375F /* RxDataSources */,
				CEEA87932B01F82000AC375F /* IQKeyboardManagerSwift */,
				CEC2FBDC2B026DD9002E3046 /* Moya */,
				CED961572B0CF73B0067C424 /* Kingfisher */,
			);
			productName = TimeLine;
			productReference = CEEA87512B01E30000AC375F /* TimeLine.app */;
			productType = "com.apple.product-type.application";
		};
/* End PBXNativeTarget section */

/* Begin PBXProject section */
		CEEA87492B01E30000AC375F /* Project object */ = {
			isa = PBXProject;
			attributes = {
				BuildIndependentTargetsInParallel = 1;
				LastSwiftUpdateCheck = 1500;
				LastUpgradeCheck = 1500;
				TargetAttributes = {
					CEEA87502B01E30000AC375F = {
						CreatedOnToolsVersion = 15.0.1;
					};
				};
			};
			buildConfigurationList = CEEA874C2B01E30000AC375F /* Build configuration list for PBXProject "TimeLine" */;
			compatibilityVersion = "Xcode 14.0";
			developmentRegion = en;
			hasScannedForEncodings = 0;
			knownRegions = (
				en,
				Base,
			);
			mainGroup = CEEA87482B01E30000AC375F;
			packageReferences = (
				CEEA87782B01EEAA00AC375F /* XCRemoteSwiftPackageReference "SnapKit" */,
				CEEA877B2B01EECB00AC375F /* XCRemoteSwiftPackageReference "RxSwift" */,
				CEEA87802B01EEDB00AC375F /* XCRemoteSwiftPackageReference "RxDataSources" */,
				CEEA87922B01F82000AC375F /* XCRemoteSwiftPackageReference "IQKeyboardManager" */,
				CEC2FBDB2B026DD9002E3046 /* XCRemoteSwiftPackageReference "Moya" */,
				CED961562B0CF73B0067C424 /* XCRemoteSwiftPackageReference "Kingfisher" */,
			);
			productRefGroup = CEEA87522B01E30000AC375F /* Products */;
			projectDirPath = "";
			projectRoot = "";
			targets = (
				CEEA87502B01E30000AC375F /* TimeLine */,
			);
		};
/* End PBXProject section */

/* Begin PBXResourcesBuildPhase section */
		CEEA874F2B01E30000AC375F /* Resources */ = {
			isa = PBXResourcesBuildPhase;
			buildActionMask = 2147483647;
			files = (
				CEEA87712B01ECF300AC375F /* .gitIgnore in Resources */,
				CEEA87612B01E30200AC375F /* LaunchScreen.storyboard in Resources */,
				CEEA875E2B01E30200AC375F /* Assets.xcassets in Resources */,
				CEEA875C2B01E30000AC375F /* Main.storyboard in Resources */,
			);
			runOnlyForDeploymentPostprocessing = 0;
		};
/* End PBXResourcesBuildPhase section */

/* Begin PBXSourcesBuildPhase section */
		CEEA874D2B01E30000AC375F /* Sources */ = {
			isa = PBXSourcesBuildPhase;
			buildActionMask = 2147483647;
			files = (
				CEBDFBF02B0B2CA800D43BF9 /* PostAPI.swift in Sources */,
				CEEA878D2B01F3C700AC375F /* LoginViewController.swift in Sources */,
				CEECBF172B0601D70031947E /* CommonError.swift in Sources */,
				CEECBF962B0A42EA0031947E /* BoardWriteViewController.swift in Sources */,
				CE290E932B04B285007DFCAE /* Image.swift in Sources */,
				CEEA87592B01E30000AC375F /* ViewController.swift in Sources */,
				CE290E8B2B049AC6007DFCAE /* JoinViewModel.swift in Sources */,
				CEC2FBE12B0270DC002E3046 /* NetworkError.swift in Sources */,
				CEEA87912B01F3D900AC375F /* LoginViewModel.swift in Sources */,
				CEEA87552B01E30000AC375F /* AppDelegate.swift in Sources */,
				CEEA87752B01ED5000AC375F /* BaseURL.swift in Sources */,
				CEED52AF2B04FB5F007E12FA /* ContentError.swift in Sources */,
				CEEA87872B01F0A000AC375F /* BaseView.swift in Sources */,
				CEECBF8F2B0A3EA80031947E /* BoardViewController.swift in Sources */,
				CEBDFC022B0BB52100D43BF9 /* ProductId.swift in Sources */,
				CEECBF1C2B066C0F0031947E /* RefreshTokenManager.swift in Sources */,
				CE290E952B04B29A007DFCAE /* Color.swift in Sources */,
				CE290E862B049A3B007DFCAE /* UserInfoResponse.swift in Sources */,
				CEEA87892B01F10900AC375F /* Constants.swift in Sources */,
				CEED52AD2B04F0AC007E12FA /* UserDefaultsHelper.swift in Sources */,
				CE048CC52B03913300FAC038 /* Join.swift in Sources */,
				CEECBF8D2B0A3EA20031947E /* BoardView.swift in Sources */,
				CEBDFC002B0BAA3500D43BF9 /* BoardWriteViewModel.swift in Sources */,
				CEECBF942B0A42E00031947E /* BoardWriteView.swift in Sources */,
				CEC2FBCF2B0212AF002E3046 /* AuthenticationAPI.swift in Sources */,
				CE290E902B04A3B1007DFCAE /* DateFormatter+Extension.swift in Sources */,
				CEC2FBDF2B026DF9002E3046 /* ErrorModel.swift in Sources */,
				CEED52B52B05056E007E12FA /* EmailValidationError.swift in Sources */,
				CE290E972B04B2A2007DFCAE /* Design.swift in Sources */,
				CE290E892B049ABD007DFCAE /* JoinViewController.swift in Sources */,
				CEED52B92B050893007E12FA /* RefreshToken.swift in Sources */,
				CEECBF292B08FC120031947E /* ValidStackView.swift in Sources */,
				CE3A15162B05B13E009B913F /* HomeViewModel.swift in Sources */,
				CEEA878B2B01F1A400AC375F /* BaseViewController.swift in Sources */,
				CEEA87972B01F87500AC375F /* CustomTextField.swift in Sources */,
				CEEA879D2B02028A00AC375F /* TextFieldUnderline.swift in Sources */,
				CEDC337E2B0F47D300A5788E /* ImageLoadManager.swift in Sources */,
				CED961502B0CEE8C0067C424 /* ReadResponse.swift in Sources */,
				CEEA87732B01ED4700AC375F /* APIKey.swift in Sources */,
				CEBDFBF42B0B31B900D43BF9 /* PostAPIManager.swift in Sources */,
				CEC2FBD62B021796002E3046 /* AuthenticationAPIManager.swift in Sources */,
				CEBDFBF62B0B31CA00D43BF9 /* PostWrite.swift in Sources */,
				CEBDFBF82B0B4AE200D43BF9 /* Post.swift in Sources */,
				CEECBF1A2B0665590031947E /* RefreshResult.swift in Sources */,
				CEC2FBD92B021C51002E3046 /* LoginToken.swift in Sources */,
				CE290E9C2B04BF51007DFCAE /* LoginError.swift in Sources */,
				CEBDFBFC2B0B97EA00D43BF9 /* PostWriteError.swift in Sources */,
				CE290E992B04B7C6007DFCAE /* ResponseMessage.swift in Sources */,
				CEEA878F2B01F3D200AC375F /* LoginView.swift in Sources */,
				CEED52AB2B04EE58007E12FA /* HomeView.swift in Sources */,
				CEECBF912B0A40520031947E /* TabBarController.swift in Sources */,
				CEED52B12B04FB6F007E12FA /* RefreshError.swift in Sources */,
				CEED52A92B04EE49007E12FA /* HomeViewController.swift in Sources */,
				CEEA87992B01F9FF00AC375F /* MainButton.swift in Sources */,
				CEEA87572B01E30000AC375F /* SceneDelegate.swift in Sources */,
				CEED52B72B050652007E12FA /* WithdrawError.swift in Sources */,
				CEBDFBFE2B0B9EB700D43BF9 /* UIScrollView+Extension.swift in Sources */,
				CE290E8D2B049ACF007DFCAE /* JoinView.swift in Sources */,
				CEC2FBD42B021750002E3046 /* Login.swift in Sources */,
				CEECBF272B08E7750031947E /* ValidationLabel.swift in Sources */,
				CEED52B32B050354007E12FA /* JoinError.swift in Sources */,
			);
			runOnlyForDeploymentPostprocessing = 0;
		};
/* End PBXSourcesBuildPhase section */

/* Begin PBXVariantGroup section */
		CEEA875A2B01E30000AC375F /* Main.storyboard */ = {
			isa = PBXVariantGroup;
			children = (
				CEEA875B2B01E30000AC375F /* Base */,
			);
			name = Main.storyboard;
			sourceTree = "<group>";
		};
		CEEA875F2B01E30200AC375F /* LaunchScreen.storyboard */ = {
			isa = PBXVariantGroup;
			children = (
				CEEA87602B01E30200AC375F /* Base */,
			);
			name = LaunchScreen.storyboard;
			sourceTree = "<group>";
		};
/* End PBXVariantGroup section */

/* Begin XCBuildConfiguration section */
		CEEA87632B01E30200AC375F /* Debug */ = {
			isa = XCBuildConfiguration;
			buildSettings = {
				ALWAYS_SEARCH_USER_PATHS = NO;
				ASSETCATALOG_COMPILER_GENERATE_SWIFT_ASSET_SYMBOL_EXTENSIONS = YES;
				CLANG_ANALYZER_NONNULL = YES;
				CLANG_ANALYZER_NUMBER_OBJECT_CONVERSION = YES_AGGRESSIVE;
				CLANG_CXX_LANGUAGE_STANDARD = "gnu++20";
				CLANG_ENABLE_MODULES = YES;
				CLANG_ENABLE_OBJC_ARC = YES;
				CLANG_ENABLE_OBJC_WEAK = YES;
				CLANG_WARN_BLOCK_CAPTURE_AUTORELEASING = YES;
				CLANG_WARN_BOOL_CONVERSION = YES;
				CLANG_WARN_COMMA = YES;
				CLANG_WARN_CONSTANT_CONVERSION = YES;
				CLANG_WARN_DEPRECATED_OBJC_IMPLEMENTATIONS = YES;
				CLANG_WARN_DIRECT_OBJC_ISA_USAGE = YES_ERROR;
				CLANG_WARN_DOCUMENTATION_COMMENTS = YES;
				CLANG_WARN_EMPTY_BODY = YES;
				CLANG_WARN_ENUM_CONVERSION = YES;
				CLANG_WARN_INFINITE_RECURSION = YES;
				CLANG_WARN_INT_CONVERSION = YES;
				CLANG_WARN_NON_LITERAL_NULL_CONVERSION = YES;
				CLANG_WARN_OBJC_IMPLICIT_RETAIN_SELF = YES;
				CLANG_WARN_OBJC_LITERAL_CONVERSION = YES;
				CLANG_WARN_OBJC_ROOT_CLASS = YES_ERROR;
				CLANG_WARN_QUOTED_INCLUDE_IN_FRAMEWORK_HEADER = YES;
				CLANG_WARN_RANGE_LOOP_ANALYSIS = YES;
				CLANG_WARN_STRICT_PROTOTYPES = YES;
				CLANG_WARN_SUSPICIOUS_MOVE = YES;
				CLANG_WARN_UNGUARDED_AVAILABILITY = YES_AGGRESSIVE;
				CLANG_WARN_UNREACHABLE_CODE = YES;
				CLANG_WARN__DUPLICATE_METHOD_MATCH = YES;
				COPY_PHASE_STRIP = NO;
				DEBUG_INFORMATION_FORMAT = dwarf;
				ENABLE_STRICT_OBJC_MSGSEND = YES;
				ENABLE_TESTABILITY = YES;
				ENABLE_USER_SCRIPT_SANDBOXING = YES;
				GCC_C_LANGUAGE_STANDARD = gnu17;
				GCC_DYNAMIC_NO_PIC = NO;
				GCC_NO_COMMON_BLOCKS = YES;
				GCC_OPTIMIZATION_LEVEL = 0;
				GCC_PREPROCESSOR_DEFINITIONS = (
					"DEBUG=1",
					"$(inherited)",
				);
				GCC_WARN_64_TO_32_BIT_CONVERSION = YES;
				GCC_WARN_ABOUT_RETURN_TYPE = YES_ERROR;
				GCC_WARN_UNDECLARED_SELECTOR = YES;
				GCC_WARN_UNINITIALIZED_AUTOS = YES_AGGRESSIVE;
				GCC_WARN_UNUSED_FUNCTION = YES;
				GCC_WARN_UNUSED_VARIABLE = YES;
				IPHONEOS_DEPLOYMENT_TARGET = 17.0;
				LOCALIZATION_PREFERS_STRING_CATALOGS = YES;
				MTL_ENABLE_DEBUG_INFO = INCLUDE_SOURCE;
				MTL_FAST_MATH = YES;
				ONLY_ACTIVE_ARCH = YES;
				SDKROOT = iphoneos;
				SWIFT_ACTIVE_COMPILATION_CONDITIONS = "DEBUG $(inherited)";
				SWIFT_OPTIMIZATION_LEVEL = "-Onone";
			};
			name = Debug;
		};
		CEEA87642B01E30200AC375F /* Release */ = {
			isa = XCBuildConfiguration;
			buildSettings = {
				ALWAYS_SEARCH_USER_PATHS = NO;
				ASSETCATALOG_COMPILER_GENERATE_SWIFT_ASSET_SYMBOL_EXTENSIONS = YES;
				CLANG_ANALYZER_NONNULL = YES;
				CLANG_ANALYZER_NUMBER_OBJECT_CONVERSION = YES_AGGRESSIVE;
				CLANG_CXX_LANGUAGE_STANDARD = "gnu++20";
				CLANG_ENABLE_MODULES = YES;
				CLANG_ENABLE_OBJC_ARC = YES;
				CLANG_ENABLE_OBJC_WEAK = YES;
				CLANG_WARN_BLOCK_CAPTURE_AUTORELEASING = YES;
				CLANG_WARN_BOOL_CONVERSION = YES;
				CLANG_WARN_COMMA = YES;
				CLANG_WARN_CONSTANT_CONVERSION = YES;
				CLANG_WARN_DEPRECATED_OBJC_IMPLEMENTATIONS = YES;
				CLANG_WARN_DIRECT_OBJC_ISA_USAGE = YES_ERROR;
				CLANG_WARN_DOCUMENTATION_COMMENTS = YES;
				CLANG_WARN_EMPTY_BODY = YES;
				CLANG_WARN_ENUM_CONVERSION = YES;
				CLANG_WARN_INFINITE_RECURSION = YES;
				CLANG_WARN_INT_CONVERSION = YES;
				CLANG_WARN_NON_LITERAL_NULL_CONVERSION = YES;
				CLANG_WARN_OBJC_IMPLICIT_RETAIN_SELF = YES;
				CLANG_WARN_OBJC_LITERAL_CONVERSION = YES;
				CLANG_WARN_OBJC_ROOT_CLASS = YES_ERROR;
				CLANG_WARN_QUOTED_INCLUDE_IN_FRAMEWORK_HEADER = YES;
				CLANG_WARN_RANGE_LOOP_ANALYSIS = YES;
				CLANG_WARN_STRICT_PROTOTYPES = YES;
				CLANG_WARN_SUSPICIOUS_MOVE = YES;
				CLANG_WARN_UNGUARDED_AVAILABILITY = YES_AGGRESSIVE;
				CLANG_WARN_UNREACHABLE_CODE = YES;
				CLANG_WARN__DUPLICATE_METHOD_MATCH = YES;
				COPY_PHASE_STRIP = NO;
				DEBUG_INFORMATION_FORMAT = "dwarf-with-dsym";
				ENABLE_NS_ASSERTIONS = NO;
				ENABLE_STRICT_OBJC_MSGSEND = YES;
				ENABLE_USER_SCRIPT_SANDBOXING = YES;
				GCC_C_LANGUAGE_STANDARD = gnu17;
				GCC_NO_COMMON_BLOCKS = YES;
				GCC_WARN_64_TO_32_BIT_CONVERSION = YES;
				GCC_WARN_ABOUT_RETURN_TYPE = YES_ERROR;
				GCC_WARN_UNDECLARED_SELECTOR = YES;
				GCC_WARN_UNINITIALIZED_AUTOS = YES_AGGRESSIVE;
				GCC_WARN_UNUSED_FUNCTION = YES;
				GCC_WARN_UNUSED_VARIABLE = YES;
				IPHONEOS_DEPLOYMENT_TARGET = 17.0;
				LOCALIZATION_PREFERS_STRING_CATALOGS = YES;
				MTL_ENABLE_DEBUG_INFO = NO;
				MTL_FAST_MATH = YES;
				SDKROOT = iphoneos;
				SWIFT_COMPILATION_MODE = wholemodule;
				VALIDATE_PRODUCT = YES;
			};
			name = Release;
		};
		CEEA87662B01E30200AC375F /* Debug */ = {
			isa = XCBuildConfiguration;
			buildSettings = {
				ASSETCATALOG_COMPILER_APPICON_NAME = AppIcon;
				ASSETCATALOG_COMPILER_GLOBAL_ACCENT_COLOR_NAME = AccentColor;
				CODE_SIGN_STYLE = Automatic;
				CURRENT_PROJECT_VERSION = 1;
				DEVELOPMENT_TEAM = DJP8DYB9HG;
				GENERATE_INFOPLIST_FILE = YES;
				INFOPLIST_FILE = TimeLine/Info.plist;
				INFOPLIST_KEY_UIApplicationSupportsIndirectInputEvents = YES;
				INFOPLIST_KEY_UILaunchStoryboardName = LaunchScreen;
				INFOPLIST_KEY_UIMainStoryboardFile = Main;
				INFOPLIST_KEY_UISupportedInterfaceOrientations_iPad = "UIInterfaceOrientationPortrait UIInterfaceOrientationPortraitUpsideDown UIInterfaceOrientationLandscapeLeft UIInterfaceOrientationLandscapeRight";
				INFOPLIST_KEY_UISupportedInterfaceOrientations_iPhone = "UIInterfaceOrientationPortrait UIInterfaceOrientationLandscapeLeft UIInterfaceOrientationLandscapeRight";
				LD_RUNPATH_SEARCH_PATHS = (
					"$(inherited)",
					"@executable_path/Frameworks",
				);
				MARKETING_VERSION = 1.0;
				PRODUCT_BUNDLE_IDENTIFIER = com.jiyeon.TimeLine;
				PRODUCT_NAME = "$(TARGET_NAME)";
				SWIFT_EMIT_LOC_STRINGS = YES;
				SWIFT_VERSION = 5.0;
				TARGETED_DEVICE_FAMILY = "1,2";
			};
			name = Debug;
		};
		CEEA87672B01E30200AC375F /* Release */ = {
			isa = XCBuildConfiguration;
			buildSettings = {
				ASSETCATALOG_COMPILER_APPICON_NAME = AppIcon;
				ASSETCATALOG_COMPILER_GLOBAL_ACCENT_COLOR_NAME = AccentColor;
				CODE_SIGN_STYLE = Automatic;
				CURRENT_PROJECT_VERSION = 1;
				DEVELOPMENT_TEAM = DJP8DYB9HG;
				GENERATE_INFOPLIST_FILE = YES;
				INFOPLIST_FILE = TimeLine/Info.plist;
				INFOPLIST_KEY_UIApplicationSupportsIndirectInputEvents = YES;
				INFOPLIST_KEY_UILaunchStoryboardName = LaunchScreen;
				INFOPLIST_KEY_UIMainStoryboardFile = Main;
				INFOPLIST_KEY_UISupportedInterfaceOrientations_iPad = "UIInterfaceOrientationPortrait UIInterfaceOrientationPortraitUpsideDown UIInterfaceOrientationLandscapeLeft UIInterfaceOrientationLandscapeRight";
				INFOPLIST_KEY_UISupportedInterfaceOrientations_iPhone = "UIInterfaceOrientationPortrait UIInterfaceOrientationLandscapeLeft UIInterfaceOrientationLandscapeRight";
				LD_RUNPATH_SEARCH_PATHS = (
					"$(inherited)",
					"@executable_path/Frameworks",
				);
				MARKETING_VERSION = 1.0;
				PRODUCT_BUNDLE_IDENTIFIER = com.jiyeon.TimeLine;
				PRODUCT_NAME = "$(TARGET_NAME)";
				SWIFT_EMIT_LOC_STRINGS = YES;
				SWIFT_VERSION = 5.0;
				TARGETED_DEVICE_FAMILY = "1,2";
			};
			name = Release;
		};
/* End XCBuildConfiguration section */

/* Begin XCConfigurationList section */
		CEEA874C2B01E30000AC375F /* Build configuration list for PBXProject "TimeLine" */ = {
			isa = XCConfigurationList;
			buildConfigurations = (
				CEEA87632B01E30200AC375F /* Debug */,
				CEEA87642B01E30200AC375F /* Release */,
			);
			defaultConfigurationIsVisible = 0;
			defaultConfigurationName = Release;
		};
		CEEA87652B01E30200AC375F /* Build configuration list for PBXNativeTarget "TimeLine" */ = {
			isa = XCConfigurationList;
			buildConfigurations = (
				CEEA87662B01E30200AC375F /* Debug */,
				CEEA87672B01E30200AC375F /* Release */,
			);
			defaultConfigurationIsVisible = 0;
			defaultConfigurationName = Release;
		};
/* End XCConfigurationList section */

/* Begin XCRemoteSwiftPackageReference section */
		CEC2FBDB2B026DD9002E3046 /* XCRemoteSwiftPackageReference "Moya" */ = {
			isa = XCRemoteSwiftPackageReference;
			repositoryURL = "https://github.com/Moya/Moya";
			requirement = {
				kind = upToNextMajorVersion;
				minimumVersion = 15.0.3;
			};
		};
		CED961562B0CF73B0067C424 /* XCRemoteSwiftPackageReference "Kingfisher" */ = {
			isa = XCRemoteSwiftPackageReference;
			repositoryURL = "https://github.com/onevcat/Kingfisher";
			requirement = {
				kind = upToNextMajorVersion;
				minimumVersion = 7.10.0;
			};
		};
		CEEA87782B01EEAA00AC375F /* XCRemoteSwiftPackageReference "SnapKit" */ = {
			isa = XCRemoteSwiftPackageReference;
			repositoryURL = "https://github.com/SnapKit/SnapKit.git";
			requirement = {
				kind = upToNextMajorVersion;
				minimumVersion = 5.6.0;
			};
		};
		CEEA877B2B01EECB00AC375F /* XCRemoteSwiftPackageReference "RxSwift" */ = {
			isa = XCRemoteSwiftPackageReference;
			repositoryURL = "https://github.com/ReactiveX/RxSwift";
			requirement = {
				kind = upToNextMajorVersion;
				minimumVersion = 6.6.0;
			};
		};
		CEEA87802B01EEDB00AC375F /* XCRemoteSwiftPackageReference "RxDataSources" */ = {
			isa = XCRemoteSwiftPackageReference;
			repositoryURL = "https://github.com/RxSwiftCommunity/RxDataSources";
			requirement = {
				kind = upToNextMajorVersion;
				minimumVersion = 5.0.2;
			};
		};
		CEEA87922B01F82000AC375F /* XCRemoteSwiftPackageReference "IQKeyboardManager" */ = {
			isa = XCRemoteSwiftPackageReference;
			repositoryURL = "https://github.com/hackiftekhar/IQKeyboardManager";
			requirement = {
				kind = upToNextMajorVersion;
				minimumVersion = 6.5.16;
			};
		};
/* End XCRemoteSwiftPackageReference section */

/* Begin XCSwiftPackageProductDependency section */
		CEC2FBDC2B026DD9002E3046 /* Moya */ = {
			isa = XCSwiftPackageProductDependency;
			package = CEC2FBDB2B026DD9002E3046 /* XCRemoteSwiftPackageReference "Moya" */;
			productName = Moya;
		};
		CED961572B0CF73B0067C424 /* Kingfisher */ = {
			isa = XCSwiftPackageProductDependency;
			package = CED961562B0CF73B0067C424 /* XCRemoteSwiftPackageReference "Kingfisher" */;
			productName = Kingfisher;
		};
		CEEA87792B01EEAA00AC375F /* SnapKit */ = {
			isa = XCSwiftPackageProductDependency;
			package = CEEA87782B01EEAA00AC375F /* XCRemoteSwiftPackageReference "SnapKit" */;
			productName = SnapKit;
		};
		CEEA877C2B01EECB00AC375F /* RxCocoa */ = {
			isa = XCSwiftPackageProductDependency;
			package = CEEA877B2B01EECB00AC375F /* XCRemoteSwiftPackageReference "RxSwift" */;
			productName = RxCocoa;
		};
		CEEA877E2B01EECB00AC375F /* RxSwift */ = {
			isa = XCSwiftPackageProductDependency;
			package = CEEA877B2B01EECB00AC375F /* XCRemoteSwiftPackageReference "RxSwift" */;
			productName = RxSwift;
		};
		CEEA87812B01EEDB00AC375F /* RxDataSources */ = {
			isa = XCSwiftPackageProductDependency;
			package = CEEA87802B01EEDB00AC375F /* XCRemoteSwiftPackageReference "RxDataSources" */;
			productName = RxDataSources;
		};
		CEEA87932B01F82000AC375F /* IQKeyboardManagerSwift */ = {
			isa = XCSwiftPackageProductDependency;
			package = CEEA87922B01F82000AC375F /* XCRemoteSwiftPackageReference "IQKeyboardManager" */;
			productName = IQKeyboardManagerSwift;
		};
/* End XCSwiftPackageProductDependency section */
	};
	rootObject = CEEA87492B01E30000AC375F /* Project object */;
}
